
Microsoft Visual Studio Solution File, Format Version 12.00
# Visual Studio Version 17
VisualStudioVersion = 17.0.31903.59
MinimumVisualStudioVersion = 10.0.40219.1
Project("{FAE04EC0-301F-11D3-BF4B-00C04F79EFBC}") = "TelematicsApi", "TelematicsApi\TelematicsApi.csproj", "{A0B80B97-8916-402D-B44D-1BE58A05E94A}"
EndProject
Project("{FAE04EC0-301F-11D3-BF4B-00C04F79EFBC}") = "TelematicsCore", "TelematicsCore\TelematicsCore.csproj", "{0F116F6D-D67C-46E8-A29E-3F2CCF372487}"
EndProject
Project("{FAE04EC0-301F-11D3-BF4B-00C04F79EFBC}") = "TelematicsData", "TelematicsData\TelematicsData.csproj", "{7F374EAA-D75E-46EB-9EE9-BD10D0264E15}"
EndProject
Project("{FAE04EC0-301F-11D3-BF4B-00C04F79EFBC}") = "TelematicsBatchProcessor", "TelematicsBatchProcessor\TelematicsBatchProcessor.csproj", "{BEADCCD0-68F7-418A-A145-1FF83A24C96F}"
EndProject
Project("{FAE04EC0-301F-11D3-BF4B-00C04F79EFBC}") = "TelematicsTests", "TelematicsTests\TelematicsTests.csproj", "{17EBDEEC-858E-4BF3-9FDC-8D00F55249A9}"
EndProject
Global
	GlobalSection(SolutionConfigurationPlatforms) = preSolution
		Debug|Any CPU = Debug|Any CPU
		Debug|x64 = Debug|x64
		Debug|x86 = Debug|x86
		Release|Any CPU = Release|Any CPU
		Release|x64 = Release|x64
		Release|x86 = Release|x86
	EndGlobalSection
	GlobalSection(ProjectConfigurationPlatforms) = postSolution
		{A0B80B97-8916-402D-B44D-1BE58A05E94A}.Debug|Any CPU.ActiveCfg = Debug|Any CPU
		{A0B80B97-8916-402D-B44D-1BE58A05E94A}.Debug|Any CPU.Build.0 = Debug|Any CPU
		{A0B80B97-8916-402D-B44D-1BE58A05E94A}.Debug|x64.ActiveCfg = Debug|Any CPU
		{A0B80B97-8916-402D-B44D-1BE58A05E94A}.Debug|x64.Build.0 = Debug|Any CPU
		{A0B80B97-8916-402D-B44D-1BE58A05E94A}.Debug|x86.ActiveCfg = Debug|Any CPU
		{A0B80B97-8916-402D-B44D-1BE58A05E94A}.Debug|x86.Build.0 = Debug|Any CPU
		{A0B80B97-8916-402D-B44D-1BE58A05E94A}.Release|Any CPU.ActiveCfg = Release|Any CPU
		{A0B80B97-8916-402D-B44D-1BE58A05E94A}.Release|Any CPU.Build.0 = Release|Any CPU
		{A0B80B97-8916-402D-B44D-1BE58A05E94A}.Release|x64.ActiveCfg = Release|Any CPU
		{A0B80B97-8916-402D-B44D-1BE58A05E94A}.Release|x64.Build.0 = Release|Any CPU
		{A0B80B97-8916-402D-B44D-1BE58A05E94A}.Release|x86.ActiveCfg = Release|Any CPU
		{A0B80B97-8916-402D-B44D-1BE58A05E94A}.Release|x86.Build.0 = Release|Any CPU
		{0F116F6D-D67C-46E8-A29E-3F2CCF372487}.Debug|Any CPU.ActiveCfg = Debug|Any CPU
		{0F116F6D-D67C-46E8-A29E-3F2CCF372487}.Debug|Any CPU.Build.0 = Debug|Any CPU
		{0F116F6D-D67C-46E8-A29E-3F2CCF372487}.Debug|x64.ActiveCfg = Debug|Any CPU
		{0F116F6D-D67C-46E8-A29E-3F2CCF372487}.Debug|x64.Build.0 = Debug|Any CPU
		{0F116F6D-D67C-46E8-A29E-3F2CCF372487}.Debug|x86.ActiveCfg = Debug|Any CPU
		{0F116F6D-D67C-46E8-A29E-3F2CCF372487}.Debug|x86.Build.0 = Debug|Any CPU
		{0F116F6D-D67C-46E8-A29E-3F2CCF372487}.Release|Any CPU.ActiveCfg = Release|Any CPU
		{0F116F6D-D67C-46E8-A29E-3F2CCF372487}.Release|Any CPU.Build.0 = Release|Any CPU
		{0F116F6D-D67C-46E8-A29E-3F2CCF372487}.Release|x64.ActiveCfg = Release|Any CPU
		{0F116F6D-D67C-46E8-A29E-3F2CCF372487}.Release|x64.Build.0 = Release|Any CPU
		{0F116F6D-D67C-46E8-A29E-3F2CCF372487}.Release|x86.ActiveCfg = Release|Any CPU
		{0F116F6D-D67C-46E8-A29E-3F2CCF372487}.Release|x86.Build.0 = Release|Any CPU
		{7F374EAA-D75E-46EB-9EE9-BD10D0264E15}.Debug|Any CPU.ActiveCfg = Debug|Any CPU
		{7F374EAA-D75E-46EB-9EE9-BD10D0264E15}.Debug|Any CPU.Build.0 = Debug|Any CPU
		{7F374EAA-D75E-46EB-9EE9-BD10D0264E15}.Debug|x64.ActiveCfg = Debug|Any CPU
		{7F374EAA-D75E-46EB-9EE9-BD10D0264E15}.Debug|x64.Build.0 = Debug|Any CPU
		{7F374EAA-D75E-46EB-9EE9-BD10D0264E15}.Debug|x86.ActiveCfg = Debug|Any CPU
		{7F374EAA-D75E-46EB-9EE9-BD10D0264E15}.Debug|x86.Build.0 = Debug|Any CPU
		{7F374EAA-D75E-46EB-9EE9-BD10D0264E15}.Release|Any CPU.ActiveCfg = Release|Any CPU
		{7F374EAA-D75E-46EB-9EE9-BD10D0264E15}.Release|Any CPU.Build.0 = Release|Any CPU
		{7F374EAA-D75E-46EB-9EE9-BD10D0264E15}.Release|x64.ActiveCfg = Release|Any CPU
		{7F374EAA-D75E-46EB-9EE9-BD10D0264E15}.Release|x64.Build.0 = Release|Any CPU
		{7F374EAA-D75E-46EB-9EE9-BD10D0264E15}.Release|x86.ActiveCfg = Release|Any CPU
		{7F374EAA-D75E-46EB-9EE9-BD10D0264E15}.Release|x86.Build.0 = Release|Any CPU
		{BEADCCD0-68F7-418A-A145-1FF83A24C96F}.Debug|Any CPU.ActiveCfg = Debug|Any CPU
		{BEADCCD0-68F7-418A-A145-1FF83A24C96F}.Debug|Any CPU.Build.0 = Debug|Any CPU
		{BEADCCD0-68F7-418A-A145-1FF83A24C96F}.Debug|x64.ActiveCfg = Debug|Any CPU
		{BEADCCD0-68F7-418A-A145-1FF83A24C96F}.Debug|x64.Build.0 = Debug|Any CPU
		{BEADCCD0-68F7-418A-A145-1FF83A24C96F}.Debug|x86.ActiveCfg = Debug|Any CPU
		{BEADCCD0-68F7-418A-A145-1FF83A24C96F}.Debug|x86.Build.0 = Debug|Any CPU
		{BEADCCD0-68F7-418A-A145-1FF83A24C96F}.Release|Any CPU.ActiveCfg = Release|Any CPU
		{BEADCCD0-68F7-418A-A145-1FF83A24C96F}.Release|Any CPU.Build.0 = Release|Any CPU
		{BEADCCD0-68F7-418A-A145-1FF83A24C96F}.Release|x64.ActiveCfg = Release|Any CPU
		{BEADCCD0-68F7-418A-A145-1FF83A24C96F}.Release|x64.Build.0 = Release|Any CPU
		{BEADCCD0-68F7-418A-A145-1FF83A24C96F}.Release|x86.ActiveCfg = Release|Any CPU
		{BEADCCD0-68F7-418A-A145-1FF83A24C96F}.Release|x86.Build.0 = Release|Any CPU
		{17EBDEEC-858E-4BF3-9FDC-8D00F55249A9}.Debug|Any CPU.ActiveCfg = Debug|Any CPU
		{17EBDEEC-858E-4BF3-9FDC-8D00F55249A9}.Debug|Any CPU.Build.0 = Debug|Any CPU
		{17EBDEEC-858E-4BF3-9FDC-8D00F55249A9}.Debug|x64.ActiveCfg = Debug|Any CPU
		{17EBDEEC-858E-4BF3-9FDC-8D00F55249A9}.Debug|x64.Build.0 = Debug|Any CPU
		{17EBDEEC-858E-4BF3-9FDC-8D00F55249A9}.Debug|x86.ActiveCfg = Debug|Any CPU
		{17EBDEEC-858E-4BF3-9FDC-8D00F55249A9}.Debug|x86.Build.0 = Debug|Any CPU
		{17EBDEEC-858E-4BF3-9FDC-8D00F55249A9}.Release|Any CPU.ActiveCfg = Release|Any CPU
		{17EBDEEC-858E-4BF3-9FDC-8D00F55249A9}.Release|Any CPU.Build.0 = Release|Any CPU
		{17EBDEEC-858E-4BF3-9FDC-8D00F55249A9}.Release|x64.ActiveCfg = Release|Any CPU
		{17EBDEEC-858E-4BF3-9FDC-8D00F55249A9}.Release|x64.Build.0 = Release|Any CPU
		{17EBDEEC-858E-4BF3-9FDC-8D00F55249A9}.Release|x86.ActiveCfg = Release|Any CPU
		{17EBDEEC-858E-4BF3-9FDC-8D00F55249A9}.Release|x86.Build.0 = Release|Any CPU
	EndGlobalSection
	GlobalSection(SolutionProperties) = preSolution
		HideSolutionNode = FALSE
	EndGlobalSection
EndGlobal
